
Microsoft Visual Studio Solution File, Format Version 12.00
# Visual Studio Version 17
VisualStudioVersion = 17.3.32929.385
MinimumVisualStudioVersion = 10.0.40219.1
Project("{FAE04EC0-301F-11D3-BF4B-00C04F79EFBC}") = "SeriesList", "SeriesList.csproj", "{2D3C7366-5A79-4097-8E96-7587959DC332}"
EndProject
Global
	GlobalSection(SolutionConfigurationPlatforms) = preSolution
		Debug|x64 = Debug|x64
	EndGlobalSection
	GlobalSection(ProjectConfigurationPlatforms) = postSolution
		{2D3C7366-5A79-4097-8E96-7587959DC332}.Debug|x64.ActiveCfg = Debug|x64
		{2D3C7366-5A79-4097-8E96-7587959DC332}.Debug|x64.Build.0 = Debug|x64
	EndGlobalSection
	GlobalSection(SolutionProperties) = preSolution
		HideSolutionNode = FALSE
	EndGlobalSection
	GlobalSection(ExtensibilityGlobals) = postSolution
		SolutionGuid = {3825F89A-0992-4915-AB30-A8842DB6F81E}
	EndGlobalSection
EndGlobal
